
Microsoft Visual Studio Solution File, Format Version 12.00
# Visual Studio Version 17
VisualStudioVersion = 17.10.35013.160
MinimumVisualStudioVersion = 10.0.40219.1
Project("{9A19103F-16F7-4668-BE54-9A1E7A4F7556}") = "OkapiLauncher", "OkapiLauncher\OkapiLauncher.csproj", "{E07F08C2-08AA-4228-8E77-C22F761DB3F9}"
EndProject
Project("{9A19103F-16F7-4668-BE54-9A1E7A4F7556}") = "OkapiLauncher.Core", "OkapiLauncher.Core\OkapiLauncher.Core.csproj", "{03B490BB-CBC7-47D8-B6C7-CC1E478F075F}"
EndProject
Project("{9A19103F-16F7-4668-BE54-9A1E7A4F7556}") = "OkapiLauncher.Tests.MSTest", "OkapiLauncher.Tests.MSTest\OkapiLauncher.Tests.MSTest.csproj", "{5E5CFF9E-6B18-4B08-886E-2A9F9EF6EF88}"
EndProject
Project("{9A19103F-16F7-4668-BE54-9A1E7A4F7556}") = "OkapiLauncher.Sandbox", "OkapiLauncher.Sandbox\OkapiLauncher.Sandbox.csproj", "{CE7BAF9E-D42C-4186-82CE-23F2DCBF9EC5}"
EndProject
Project("{2150E333-8FDC-42A3-9474-1A3956D46DE8}") = "Solution Items", "Solution Items", "{BB8403C1-69B0-426F-A76C-C976A6729A1D}"
	ProjectSection(SolutionItems) = preProject
		.editorconfig = .editorconfig
	EndProjectSection
EndProject
Global
	GlobalSection(SolutionConfigurationPlatforms) = preSolution
		Debug|Any CPU = Debug|Any CPU
		Debug|ARM64 = Debug|ARM64
		Debug|x64 = Debug|x64
		Debug|x86 = Debug|x86
		Release|Any CPU = Release|Any CPU
		Release|ARM64 = Release|ARM64
		Release|x64 = Release|x64
		Release|x86 = Release|x86
	EndGlobalSection
	GlobalSection(ProjectConfigurationPlatforms) = postSolution
		{E07F08C2-08AA-4228-8E77-C22F761DB3F9}.Debug|Any CPU.ActiveCfg = Debug|Any CPU
		{E07F08C2-08AA-4228-8E77-C22F761DB3F9}.Debug|Any CPU.Build.0 = Debug|Any CPU
		{E07F08C2-08AA-4228-8E77-C22F761DB3F9}.Debug|ARM64.ActiveCfg = Debug|Any CPU
		{E07F08C2-08AA-4228-8E77-C22F761DB3F9}.Debug|ARM64.Build.0 = Debug|Any CPU
		{E07F08C2-08AA-4228-8E77-C22F761DB3F9}.Debug|x64.ActiveCfg = Debug|Any CPU
		{E07F08C2-08AA-4228-8E77-C22F761DB3F9}.Debug|x64.Build.0 = Debug|Any CPU
		{E07F08C2-08AA-4228-8E77-C22F761DB3F9}.Debug|x86.ActiveCfg = Debug|Any CPU
		{E07F08C2-08AA-4228-8E77-C22F761DB3F9}.Debug|x86.Build.0 = Debug|Any CPU
		{E07F08C2-08AA-4228-8E77-C22F761DB3F9}.Release|Any CPU.ActiveCfg = Release|Any CPU
		{E07F08C2-08AA-4228-8E77-C22F761DB3F9}.Release|Any CPU.Build.0 = Release|Any CPU
		{E07F08C2-08AA-4228-8E77-C22F761DB3F9}.Release|ARM64.ActiveCfg = Release|Any CPU
		{E07F08C2-08AA-4228-8E77-C22F761DB3F9}.Release|ARM64.Build.0 = Release|Any CPU
		{E07F08C2-08AA-4228-8E77-C22F761DB3F9}.Release|x64.ActiveCfg = Release|Any CPU
		{E07F08C2-08AA-4228-8E77-C22F761DB3F9}.Release|x64.Build.0 = Release|Any CPU
		{E07F08C2-08AA-4228-8E77-C22F761DB3F9}.Release|x86.ActiveCfg = Release|Any CPU
		{E07F08C2-08AA-4228-8E77-C22F761DB3F9}.Release|x86.Build.0 = Release|Any CPU
		{03B490BB-CBC7-47D8-B6C7-CC1E478F075F}.Debug|Any CPU.ActiveCfg = Debug|Any CPU
		{03B490BB-CBC7-47D8-B6C7-CC1E478F075F}.Debug|Any CPU.Build.0 = Debug|Any CPU
		{03B490BB-CBC7-47D8-B6C7-CC1E478F075F}.Debug|ARM64.ActiveCfg = Debug|Any CPU
		{03B490BB-CBC7-47D8-B6C7-CC1E478F075F}.Debug|ARM64.Build.0 = Debug|Any CPU
		{03B490BB-CBC7-47D8-B6C7-CC1E478F075F}.Debug|x64.ActiveCfg = Debug|Any CPU
		{03B490BB-CBC7-47D8-B6C7-CC1E478F075F}.Debug|x64.Build.0 = Debug|Any CPU
		{03B490BB-CBC7-47D8-B6C7-CC1E478F075F}.Debug|x86.ActiveCfg = Debug|Any CPU
		{03B490BB-CBC7-47D8-B6C7-CC1E478F075F}.Debug|x86.Build.0 = Debug|Any CPU
		{03B490BB-CBC7-47D8-B6C7-CC1E478F075F}.Release|Any CPU.ActiveCfg = Release|Any CPU
		{03B490BB-CBC7-47D8-B6C7-CC1E478F075F}.Release|Any CPU.Build.0 = Release|Any CPU
		{03B490BB-CBC7-47D8-B6C7-CC1E478F075F}.Release|ARM64.ActiveCfg = Release|Any CPU
		{03B490BB-CBC7-47D8-B6C7-CC1E478F075F}.Release|ARM64.Build.0 = Release|Any CPU
		{03B490BB-CBC7-47D8-B6C7-CC1E478F075F}.Release|x64.ActiveCfg = Release|Any CPU
		{03B490BB-CBC7-47D8-B6C7-CC1E478F075F}.Release|x64.Build.0 = Release|Any CPU
		{03B490BB-CBC7-47D8-B6C7-CC1E478F075F}.Release|x86.ActiveCfg = Release|Any CPU
		{03B490BB-CBC7-47D8-B6C7-CC1E478F075F}.Release|x86.Build.0 = Release|Any CPU
		{5E5CFF9E-6B18-4B08-886E-2A9F9EF6EF88}.Debug|Any CPU.ActiveCfg = Debug|Any CPU
		{5E5CFF9E-6B18-4B08-886E-2A9F9EF6EF88}.Debug|Any CPU.Build.0 = Debug|Any CPU
		{5E5CFF9E-6B18-4B08-886E-2A9F9EF6EF88}.Debug|ARM64.ActiveCfg = Debug|Any CPU
		{5E5CFF9E-6B18-4B08-886E-2A9F9EF6EF88}.Debug|ARM64.Build.0 = Debug|Any CPU
		{5E5CFF9E-6B18-4B08-886E-2A9F9EF6EF88}.Debug|x64.ActiveCfg = Debug|x64
		{5E5CFF9E-6B18-4B08-886E-2A9F9EF6EF88}.Debug|x64.Build.0 = Debug|x64
		{5E5CFF9E-6B18-4B08-886E-2A9F9EF6EF88}.Debug|x86.ActiveCfg = Debug|x86
		{5E5CFF9E-6B18-4B08-886E-2A9F9EF6EF88}.Debug|x86.Build.0 = Debug|x86
		{5E5CFF9E-6B18-4B08-886E-2A9F9EF6EF88}.Release|Any CPU.ActiveCfg = Release|Any CPU
		{5E5CFF9E-6B18-4B08-886E-2A9F9EF6EF88}.Release|Any CPU.Build.0 = Release|Any CPU
		{5E5CFF9E-6B18-4B08-886E-2A9F9EF6EF88}.Release|ARM64.ActiveCfg = Release|Any CPU
		{5E5CFF9E-6B18-4B08-886E-2A9F9EF6EF88}.Release|ARM64.Build.0 = Release|Any CPU
		{5E5CFF9E-6B18-4B08-886E-2A9F9EF6EF88}.Release|x64.ActiveCfg = Release|x64
		{5E5CFF9E-6B18-4B08-886E-2A9F9EF6EF88}.Release|x64.Build.0 = Release|x64
		{5E5CFF9E-6B18-4B08-886E-2A9F9EF6EF88}.Release|x86.ActiveCfg = Release|x86
		{5E5CFF9E-6B18-4B08-886E-2A9F9EF6EF88}.Release|x86.Build.0 = Release|x86
		{CE7BAF9E-D42C-4186-82CE-23F2DCBF9EC5}.Debug|Any CPU.ActiveCfg = Debug|Any CPU
		{CE7BAF9E-D42C-4186-82CE-23F2DCBF9EC5}.Debug|Any CPU.Build.0 = Debug|Any CPU
		{CE7BAF9E-D42C-4186-82CE-23F2DCBF9EC5}.Debug|ARM64.ActiveCfg = Debug|Any CPU
		{CE7BAF9E-D42C-4186-82CE-23F2DCBF9EC5}.Debug|ARM64.Build.0 = Debug|Any CPU
		{CE7BAF9E-D42C-4186-82CE-23F2DCBF9EC5}.Debug|x64.ActiveCfg = Debug|Any CPU
		{CE7BAF9E-D42C-4186-82CE-23F2DCBF9EC5}.Debug|x64.Build.0 = Debug|Any CPU
		{CE7BAF9E-D42C-4186-82CE-23F2DCBF9EC5}.Debug|x86.ActiveCfg = Debug|Any CPU
		{CE7BAF9E-D42C-4186-82CE-23F2DCBF9EC5}.Debug|x86.Build.0 = Debug|Any CPU
		{CE7BAF9E-D42C-4186-82CE-23F2DCBF9EC5}.Release|Any CPU.ActiveCfg = Release|Any CPU
		{CE7BAF9E-D42C-4186-82CE-23F2DCBF9EC5}.Release|Any CPU.Build.0 = Release|Any CPU
		{CE7BAF9E-D42C-4186-82CE-23F2DCBF9EC5}.Release|ARM64.ActiveCfg = Release|Any CPU
		{CE7BAF9E-D42C-4186-82CE-23F2DCBF9EC5}.Release|ARM64.Build.0 = Release|Any CPU
		{CE7BAF9E-D42C-4186-82CE-23F2DCBF9EC5}.Release|x64.ActiveCfg = Release|Any CPU
		{CE7BAF9E-D42C-4186-82CE-23F2DCBF9EC5}.Release|x64.Build.0 = Release|Any CPU
		{CE7BAF9E-D42C-4186-82CE-23F2DCBF9EC5}.Release|x86.ActiveCfg = Release|Any CPU
		{CE7BAF9E-D42C-4186-82CE-23F2DCBF9EC5}.Release|x86.Build.0 = Release|Any CPU
	EndGlobalSection
	GlobalSection(SolutionProperties) = preSolution
		HideSolutionNode = FALSE
	EndGlobalSection
	GlobalSection(ExtensibilityGlobals) = postSolution
		SolutionGuid = {6D182A5A-5A71-4791-8758-3870E4D9C23A}
	EndGlobalSection
EndGlobal
